
Microsoft Visual Studio Solution File, Format Version 12.00
# Visual Studio Version 17
VisualStudioVersion = 17.3.32825.248
MinimumVisualStudioVersion = 10.0.40219.1
Project("{9A19103F-16F7-4668-BE54-9A1E7A4F7556}") = "Calidad20222.web", "Calidad20222.web\Calidad20222.web.csproj", "{6C3B2E1C-4FFA-4485-B12A-1A04C0EF0867}"
EndProject
Project("{FAE04EC0-301F-11D3-BF4B-00C04F79EFBC}") = "TestProject2", "TestProject2\TestProject2.csproj", "{A4B80308-A09E-4502-B9B3-68B22F399184}"
EndProject
Global
	GlobalSection(SolutionConfigurationPlatforms) = preSolution
		Debug|Any CPU = Debug|Any CPU
		Release|Any CPU = Release|Any CPU
	EndGlobalSection
	GlobalSection(ProjectConfigurationPlatforms) = postSolution
		{6C3B2E1C-4FFA-4485-B12A-1A04C0EF0867}.Debug|Any CPU.ActiveCfg = Debug|Any CPU
		{6C3B2E1C-4FFA-4485-B12A-1A04C0EF0867}.Debug|Any CPU.Build.0 = Debug|Any CPU
		{6C3B2E1C-4FFA-4485-B12A-1A04C0EF0867}.Release|Any CPU.ActiveCfg = Release|Any CPU
		{6C3B2E1C-4FFA-4485-B12A-1A04C0EF0867}.Release|Any CPU.Build.0 = Release|Any CPU
		{A4B80308-A09E-4502-B9B3-68B22F399184}.Debug|Any CPU.ActiveCfg = Debug|Any CPU
		{A4B80308-A09E-4502-B9B3-68B22F399184}.Debug|Any CPU.Build.0 = Debug|Any CPU
		{A4B80308-A09E-4502-B9B3-68B22F399184}.Release|Any CPU.ActiveCfg = Release|Any CPU
		{A4B80308-A09E-4502-B9B3-68B22F399184}.Release|Any CPU.Build.0 = Release|Any CPU
	EndGlobalSection
	GlobalSection(SolutionProperties) = preSolution
		HideSolutionNode = FALSE
	EndGlobalSection
	GlobalSection(ExtensibilityGlobals) = postSolution
		SolutionGuid = {9C86F9C6-E1F5-40C7-9792-E0AF34B87023}
	EndGlobalSection
EndGlobal
